
Microsoft Visual Studio Solution File, Format Version 12.00
# Visual Studio 15
VisualStudioVersion = 15.0.28307.1259
MinimumVisualStudioVersion = 10.0.40219.1
Project("{8BC9CEB8-8B4A-11D0-8D11-00A0C91BC942}") = "Example", "Project1\Project1.vcxproj", "{D830570C-4695-4B65-A898-8463B7D78894}"
EndProject
Project("{8BC9CEB8-8B4A-11D0-8D11-00A0C91BC942}") = "Mini Project", "Mini Project\Mini Project.vcxproj", "{CC9F0A39-CEFE-4BCD-A7E7-1EEFFCAD4AE8}"
EndProject
Global
	GlobalSection(SolutionConfigurationPlatforms) = preSolution
		Debug|x64 = Debug|x64
		Debug|x86 = Debug|x86
		Release|x64 = Release|x64
		Release|x86 = Release|x86
	EndGlobalSection
	GlobalSection(ProjectConfigurationPlatforms) = postSolution
		{D830570C-4695-4B65-A898-8463B7D78894}.Debug|x64.ActiveCfg = Debug|x64
		{D830570C-4695-4B65-A898-8463B7D78894}.Debug|x64.Build.0 = Debug|x64
		{D830570C-4695-4B65-A898-8463B7D78894}.Debug|x86.ActiveCfg = Debug|Win32
		{D830570C-4695-4B65-A898-8463B7D78894}.Debug|x86.Build.0 = Debug|Win32
		{D830570C-4695-4B65-A898-8463B7D78894}.Release|x64.ActiveCfg = Release|x64
		{D830570C-4695-4B65-A898-8463B7D78894}.Release|x64.Build.0 = Release|x64
		{D830570C-4695-4B65-A898-8463B7D78894}.Release|x86.ActiveCfg = Release|Win32
		{D830570C-4695-4B65-A898-8463B7D78894}.Release|x86.Build.0 = Release|Win32
		{CC9F0A39-CEFE-4BCD-A7E7-1EEFFCAD4AE8}.Debug|x64.ActiveCfg = Debug|x64
		{CC9F0A39-CEFE-4BCD-A7E7-1EEFFCAD4AE8}.Debug|x64.Build.0 = Debug|x64
		{CC9F0A39-CEFE-4BCD-A7E7-1EEFFCAD4AE8}.Debug|x86.ActiveCfg = Debug|Win32
		{CC9F0A39-CEFE-4BCD-A7E7-1EEFFCAD4AE8}.Debug|x86.Build.0 = Debug|Win32
		{CC9F0A39-CEFE-4BCD-A7E7-1EEFFCAD4AE8}.Release|x64.ActiveCfg = Release|x64
		{CC9F0A39-CEFE-4BCD-A7E7-1EEFFCAD4AE8}.Release|x64.Build.0 = Release|x64
		{CC9F0A39-CEFE-4BCD-A7E7-1EEFFCAD4AE8}.Release|x86.ActiveCfg = Release|Win32
		{CC9F0A39-CEFE-4BCD-A7E7-1EEFFCAD4AE8}.Release|x86.Build.0 = Release|Win32
	EndGlobalSection
	GlobalSection(SolutionProperties) = preSolution
		HideSolutionNode = FALSE
	EndGlobalSection
	GlobalSection(ExtensibilityGlobals) = postSolution
		SolutionGuid = {1446743C-C280-4B1A-8996-7165A0E3A5A6}
	EndGlobalSection
EndGlobal
